
Microsoft Visual Studio Solution File, Format Version 12.00
# Visual Studio Version 17
VisualStudioVersion = 17.3.32922.545
MinimumVisualStudioVersion = 10.0.40219.1
Project("{FAE04EC0-301F-11D3-BF4B-00C04F79EFBC}") = "add two number", "add two number.csproj", "{2D68B5B8-3530-4A6C-A5E3-92314559F95D}"
EndProject
Global
	GlobalSection(SolutionConfigurationPlatforms) = preSolution
		Debug|Any CPU = Debug|Any CPU
		Release|Any CPU = Release|Any CPU
	EndGlobalSection
	GlobalSection(ProjectConfigurationPlatforms) = postSolution
		{2D68B5B8-3530-4A6C-A5E3-92314559F95D}.Debug|Any CPU.ActiveCfg = Debug|Any CPU
		{2D68B5B8-3530-4A6C-A5E3-92314559F95D}.Debug|Any CPU.Build.0 = Debug|Any CPU
		{2D68B5B8-3530-4A6C-A5E3-92314559F95D}.Release|Any CPU.ActiveCfg = Release|Any CPU
		{2D68B5B8-3530-4A6C-A5E3-92314559F95D}.Release|Any CPU.Build.0 = Release|Any CPU
	EndGlobalSection
	GlobalSection(SolutionProperties) = preSolution
		HideSolutionNode = FALSE
	EndGlobalSection
	GlobalSection(ExtensibilityGlobals) = postSolution
		SolutionGuid = {D048A60F-F529-4620-86B1-CBC75B7F8500}
	EndGlobalSection
EndGlobal
